
Microsoft Visual Studio Solution File, Format Version 12.00
# Visual Studio Version 17
VisualStudioVersion = 17.5.002.0
MinimumVisualStudioVersion = 10.0.40219.1
Project("{9A19103F-16F7-4668-BE54-9A1E7A4F7556}") = "Permit Console", "Permit Console.csproj", "{E5B30F08-6997-4886-8B9E-C2E829B2D593}"
EndProject
Global
	GlobalSection(SolutionConfigurationPlatforms) = preSolution
		Debug|Any CPU = Debug|Any CPU
		Release|Any CPU = Release|Any CPU
	EndGlobalSection
	GlobalSection(ProjectConfigurationPlatforms) = postSolution
		{E5B30F08-6997-4886-8B9E-C2E829B2D593}.Debug|Any CPU.ActiveCfg = Debug|Any CPU
		{E5B30F08-6997-4886-8B9E-C2E829B2D593}.Debug|Any CPU.Build.0 = Debug|Any CPU
		{E5B30F08-6997-4886-8B9E-C2E829B2D593}.Release|Any CPU.ActiveCfg = Release|Any CPU
		{E5B30F08-6997-4886-8B9E-C2E829B2D593}.Release|Any CPU.Build.0 = Release|Any CPU
	EndGlobalSection
	GlobalSection(SolutionProperties) = preSolution
		HideSolutionNode = FALSE
	EndGlobalSection
	GlobalSection(ExtensibilityGlobals) = postSolution
		SolutionGuid = {226C6E48-D041-4BF9-A022-FCB389C8FE5F}
	EndGlobalSection
EndGlobal
